
Microsoft Visual Studio Solution File, Format Version 12.00
# Visual Studio Version 17
VisualStudioVersion = 17.0.31903.59
MinimumVisualStudioVersion = 10.0.40219.1
Project("{9A19103F-16F7-4668-BE54-9A1E7A4F7556}") = "VMwithInt", "VMwithInt\VMwithInt.csproj", "{76DC6AFC-336F-48E4-B054-992F055C762C}"
EndProject
Project("{9A19103F-16F7-4668-BE54-9A1E7A4F7556}") = "MultiVM", "MultiVM\MultiVM.csproj", "{15CCF787-092E-4637-AD7A-7D3F290EEDE9}"
EndProject
Project("{2150E333-8FDC-42A3-9474-1A3956D46DE8}") = "Solution Items", "Solution Items", "{E07396B4-6784-4C89-8328-F0C2CF660341}"
	ProjectSection(SolutionItems) = preProject
		.editorconfig = .editorconfig
	EndProjectSection
EndProject
Global
	GlobalSection(SolutionConfigurationPlatforms) = preSolution
		Debug|Any CPU = Debug|Any CPU
		Release|Any CPU = Release|Any CPU
	EndGlobalSection
	GlobalSection(ProjectConfigurationPlatforms) = postSolution
		{76DC6AFC-336F-48E4-B054-992F055C762C}.Debug|Any CPU.ActiveCfg = Debug|Any CPU
		{76DC6AFC-336F-48E4-B054-992F055C762C}.Debug|Any CPU.Build.0 = Debug|Any CPU
		{76DC6AFC-336F-48E4-B054-992F055C762C}.Release|Any CPU.ActiveCfg = Release|Any CPU
		{76DC6AFC-336F-48E4-B054-992F055C762C}.Release|Any CPU.Build.0 = Release|Any CPU
		{15CCF787-092E-4637-AD7A-7D3F290EEDE9}.Debug|Any CPU.ActiveCfg = Debug|Any CPU
		{15CCF787-092E-4637-AD7A-7D3F290EEDE9}.Debug|Any CPU.Build.0 = Debug|Any CPU
		{15CCF787-092E-4637-AD7A-7D3F290EEDE9}.Release|Any CPU.ActiveCfg = Release|Any CPU
		{15CCF787-092E-4637-AD7A-7D3F290EEDE9}.Release|Any CPU.Build.0 = Release|Any CPU
	EndGlobalSection
	GlobalSection(SolutionProperties) = preSolution
		HideSolutionNode = FALSE
	EndGlobalSection
	GlobalSection(ExtensibilityGlobals) = postSolution
		SolutionGuid = {DD8DCA17-FD72-4BB6-86DF-39D20977C774}
	EndGlobalSection
EndGlobal
